{
  "requires": true,
  "lockfileVersion": 1,
  "dependencies": {
    "map-obj": {
      "version": "2.0.0",
      "resolved": "https://registry.npmjs.org/map-obj/-/map-obj-2.0.0.tgz",
      "integrity": "sha1-plzSkIepJZi4eRJXpSPgISIqwfk="
    },
    "snakecase-keys": {
      "version": "1.1.0",
      "resolved": "https://registry.npmjs.org/snakecase-keys/-/snakecase-keys-1.1.0.tgz",
      "integrity": "sha1-GtsX3fdTHCEMwpMzb5PQ7x+Oc7g=",
      "requires": {
        "map-obj": "2.0.0",
        "to-snake-case": "0.1.2"
      }
    },
    "to-no-case": {
      "version": "0.1.1",
      "resolved": "https://registry.npmjs.org/to-no-case/-/to-no-case-0.1.1.tgz",
      "integrity": "sha1-zzPHDg8oFo2V5BWavxUOjFQu+f4="
    },
    "to-snake-case": {
      "version": "0.1.2",
      "resolved": "https://registry.npmjs.org/to-snake-case/-/to-snake-case-0.1.2.tgz",
      "integrity": "sha1-0Ee22/BI2uG9wmCzwpb1TKNO7Xw=",
      "requires": {
        "to-space-case": "0.1.2"
      }
    },
    "to-space-case": {
      "version": "0.1.2",
      "resolved": "https://registry.npmjs.org/to-space-case/-/to-space-case-0.1.2.tgz",
      "integrity": "sha1-mma+Pr5T8nefaH8CYu/9H8W20V4=",
      "requires": {
        "to-no-case": "0.1.1"
      }
    }
  }
}
